
Microsoft Visual Studio Solution File, Format Version 12.00
# Visual Studio Version 17
VisualStudioVersion = 17.4.33213.308
MinimumVisualStudioVersion = 10.0.40219.1
Project("{9A19103F-16F7-4668-BE54-9A1E7A4F7556}") = "DATA_LojaDiretorioCarrinho", "DATA_LojaDiretorioCarrinho\DATA_LojaDiretorioCarrinho.csproj", "{091718A9-A611-4343-B8C3-CA9982DFE623}"
EndProject
Project("{FAE04EC0-301F-11D3-BF4B-00C04F79EFBC}") = "WEB_Carrinho", "WEB_Carrinho\WEB_Carrinho.csproj", "{54EE55B0-7E3E-4843-9BDA-4C4FDF4B130A}"
EndProject
Global
	GlobalSection(SolutionConfigurationPlatforms) = preSolution
		Debug|Any CPU = Debug|Any CPU
		Release|Any CPU = Release|Any CPU
	EndGlobalSection
	GlobalSection(ProjectConfigurationPlatforms) = postSolution
		{091718A9-A611-4343-B8C3-CA9982DFE623}.Debug|Any CPU.ActiveCfg = Debug|Any CPU
		{091718A9-A611-4343-B8C3-CA9982DFE623}.Debug|Any CPU.Build.0 = Debug|Any CPU
		{091718A9-A611-4343-B8C3-CA9982DFE623}.Release|Any CPU.ActiveCfg = Release|Any CPU
		{091718A9-A611-4343-B8C3-CA9982DFE623}.Release|Any CPU.Build.0 = Release|Any CPU
		{54EE55B0-7E3E-4843-9BDA-4C4FDF4B130A}.Debug|Any CPU.ActiveCfg = Debug|Any CPU
		{54EE55B0-7E3E-4843-9BDA-4C4FDF4B130A}.Debug|Any CPU.Build.0 = Debug|Any CPU
		{54EE55B0-7E3E-4843-9BDA-4C4FDF4B130A}.Release|Any CPU.ActiveCfg = Release|Any CPU
		{54EE55B0-7E3E-4843-9BDA-4C4FDF4B130A}.Release|Any CPU.Build.0 = Release|Any CPU
	EndGlobalSection
	GlobalSection(SolutionProperties) = preSolution
		HideSolutionNode = FALSE
	EndGlobalSection
	GlobalSection(ExtensibilityGlobals) = postSolution
		SolutionGuid = {A398C169-FBF6-4E4D-A538-536E39803D96}
	EndGlobalSection
EndGlobal
